{
  "name": "Genando",
  "lockfileVersion": 3,
  "requires": true,
  "packages": {
    "": {
      "dependencies": {
        "@auth0/angular-jwt": "^5.1.2",
        "@ckeditor/ckeditor5-angular": "^7.0.0"
      }
    },
    "node_modules/@angular/common": {
      "version": "16.2.2",
      "resolved": "https://registry.npmjs.org/@angular/common/-/common-16.2.2.tgz",
      "integrity": "sha512-2ww8/heDHkfJEBwjakbQeleq610ljcvytNs6ZN1xiXib060xMP+xx17Oa9I3onhi369JsKCHkMR5Qs2U5af1uA==",
      "peer": true,
      "dependencies": {
        "tslib": "^2.3.0"
      },
      "engines": {
        "node": "^16.14.0 || >=18.10.0"
      },
      "peerDependencies": {
        "@angular/core": "16.2.2",
        "rxjs": "^6.5.3 || ^7.4.0"
      }
    },
    "node_modules/@angular/core": {
      "version": "16.2.2",
      "resolved": "https://registry.npmjs.org/@angular/core/-/core-16.2.2.tgz",
      "integrity": "sha512-l6nJlppguroov7eByBIpbxn/mEPcQrL//Ru1TSPzTtXOLR1p41VqPMaeJXj7xYVx7im57YLTDPAjhtLzkUT/Ow==",
      "peer": true,
      "dependencies": {
        "tslib": "^2.3.0"
      },
      "engines": {
        "node": "^16.14.0 || >=18.10.0"
      },
      "peerDependencies": {
        "rxjs": "^6.5.3 || ^7.4.0",
        "zone.js": "~0.13.0"
      }
    },
    "node_modules/@angular/forms": {
      "version": "16.2.2",
      "resolved": "https://registry.npmjs.org/@angular/forms/-/forms-16.2.2.tgz",
      "integrity": "sha512-Q3GmOCLSD5BXSjvlLkMsJLXWXb4SO0gA2Aya8JaG1y0doQT/CdGcYXrsCrCT3ot13wqp0HdGQ/ATNd0cNjmz2A==",
      "peer": true,
      "dependencies": {
        "tslib": "^2.3.0"
      },
      "engines": {
        "node": "^16.14.0 || >=18.10.0"
      },
      "peerDependencies": {
        "@angular/common": "16.2.2",
        "@angular/core": "16.2.2",
        "@angular/platform-browser": "16.2.2",
        "rxjs": "^6.5.3 || ^7.4.0"
      }
    },
    "node_modules/@angular/platform-browser": {
      "version": "16.2.2",
      "resolved": "https://registry.npmjs.org/@angular/platform-browser/-/platform-browser-16.2.2.tgz",
      "integrity": "sha512-9RwUiHYCAmEirXqwWL/rPfXHMkU9PnpGinok6tmHF8agAmJs1kMWZedxG0GnreTzpTlBu/dI/4v6VDfR9S/D6Q==",
      "peer": true,
      "dependencies": {
        "tslib": "^2.3.0"
      },
      "engines": {
        "node": "^16.14.0 || >=18.10.0"
      },
      "peerDependencies": {
        "@angular/animations": "16.2.2",
        "@angular/common": "16.2.2",
        "@angular/core": "16.2.2"
      },
      "peerDependenciesMeta": {
        "@angular/animations": {
          "optional": true
        }
      }
    },
    "node_modules/@auth0/angular-jwt": {
      "version": "5.1.2",
      "resolved": "https://registry.npmjs.org/@auth0/angular-jwt/-/angular-jwt-5.1.2.tgz",
      "integrity": "sha512-8ulz24cPpEkZb9/AdAaWfYIkomQDbZqvB9LproF/48Klnr30EJx09AYF9sbKTN4qLSgIZSlCb/Y7XQJZ51vSzA==",
      "dependencies": {
        "tslib": "^2.0.0"
      },
      "peerDependencies": {
        "@angular/common": ">=12.0.0"
      }
    },
    "node_modules/@ckeditor/ckeditor5-angular": {
      "version": "7.0.0",
      "resolved": "https://registry.npmjs.org/@ckeditor/ckeditor5-angular/-/ckeditor5-angular-7.0.0.tgz",
      "integrity": "sha512-/VSM4FHEWTZoCfX/hRPW2mVGTbdzzvqApety1Fzb3Fuj4RPgHWQMqqERumSdHBUyc0wROkYXgIWyg7dS2C+Rsw==",
      "dependencies": {
        "tslib": "^2.3.0"
      },
      "peerDependencies": {
        "@angular/common": ">=13.0.0",
        "@angular/core": ">=13.0.0",
        "@angular/forms": ">=13.0.0",
        "@ckeditor/ckeditor5-core": ">=37.0.0",
        "@ckeditor/ckeditor5-engine": ">=37.0.0",
        "@ckeditor/ckeditor5-utils": ">=37.0.0",
        "@ckeditor/ckeditor5-watchdog": ">=37.0.0",
        "rxjs": ">=6.0.0"
      }
    },
    "node_modules/@ckeditor/ckeditor5-core": {
      "version": "39.0.1",
      "resolved": "https://registry.npmjs.org/@ckeditor/ckeditor5-core/-/ckeditor5-core-39.0.1.tgz",
      "integrity": "sha512-3hva3sRdDS2TLDhQNKgnJmpdXhuaod5tooDI/vnaiK+kduqy3nPuWI0qHtFpMhe7dlQWPZSI9ZhS/7cfFQ4CUg==",
      "peer": true,
      "dependencies": {
        "@ckeditor/ckeditor5-engine": "39.0.1",
        "@ckeditor/ckeditor5-utils": "39.0.1",
        "lodash-es": "4.17.21"
      },
      "engines": {
        "node": ">=16.0.0",
        "npm": ">=5.7.1"
      }
    },
    "node_modules/@ckeditor/ckeditor5-engine": {
      "version": "39.0.1",
      "resolved": "https://registry.npmjs.org/@ckeditor/ckeditor5-engine/-/ckeditor5-engine-39.0.1.tgz",
      "integrity": "sha512-QWyx1vO7+UO3rVIx9o1M7q05ghu1T+E4ugnzlcjLx+TiRLBH280M5RmxZ5gE8HjTSIabGDK1M0kmskL+wl2nDw==",
      "peer": true,
      "dependencies": {
        "@ckeditor/ckeditor5-utils": "39.0.1",
        "lodash-es": "4.17.21"
      },
      "engines": {
        "node": ">=16.0.0",
        "npm": ">=5.7.1"
      }
    },
    "node_modules/@ckeditor/ckeditor5-utils": {
      "version": "39.0.1",
      "resolved": "https://registry.npmjs.org/@ckeditor/ckeditor5-utils/-/ckeditor5-utils-39.0.1.tgz",
      "integrity": "sha512-lQ+1h4FgUScEdk547uCzfdvajFigVt4u0mRw1m9TtJ3B2GiatwRvst8TZEuWl8aFrIHjQ/gho66QIElJi/6+CA==",
      "peer": true,
      "dependencies": {
        "lodash-es": "4.17.21"
      },
      "engines": {
        "node": ">=16.0.0",
        "npm": ">=5.7.1"
      }
    },
    "node_modules/@ckeditor/ckeditor5-watchdog": {
      "version": "39.0.1",
      "resolved": "https://registry.npmjs.org/@ckeditor/ckeditor5-watchdog/-/ckeditor5-watchdog-39.0.1.tgz",
      "integrity": "sha512-f5Uo0RdcbeKGs0gmBm8Y8c+Z9YgcjqX7ai4vdcw8HIEc0vCeEanPt816V53nLZ3LbPgez8LeWluR7VlzoxKO+g==",
      "peer": true,
      "dependencies": {
        "lodash-es": "4.17.21"
      },
      "engines": {
        "node": ">=16.0.0",
        "npm": ">=5.7.1"
      }
    },
    "node_modules/lodash-es": {
      "version": "4.17.21",
      "resolved": "https://registry.npmjs.org/lodash-es/-/lodash-es-4.17.21.tgz",
      "integrity": "sha512-mKnC+QJ9pWVzv+C4/U3rRsHapFfHvQFoFB92e52xeyGMcX6/OlIl78je1u8vePzYZSkkogMPJ2yjxxsb89cxyw==",
      "peer": true
    },
    "node_modules/rxjs": {
      "version": "7.8.1",
      "resolved": "https://registry.npmjs.org/rxjs/-/rxjs-7.8.1.tgz",
      "integrity": "sha512-AA3TVj+0A2iuIoQkWEK/tqFjBq2j+6PO6Y0zJcvzLAFhEFIO3HL0vls9hWLncZbAAbK0mar7oZ4V079I/qPMxg==",
      "peer": true,
      "dependencies": {
        "tslib": "^2.1.0"
      }
    },
    "node_modules/tslib": {
      "version": "2.6.1",
      "resolved": "https://registry.npmjs.org/tslib/-/tslib-2.6.1.tgz",
      "integrity": "sha512-t0hLfiEKfMUoqhG+U1oid7Pva4bbDPHYfJNiB7BiIjRkj1pyC++4N3huJfqY6aRH6VTB0rvtzQwjM4K6qpfOig=="
    },
    "node_modules/zone.js": {
      "version": "0.13.1",
      "resolved": "https://registry.npmjs.org/zone.js/-/zone.js-0.13.1.tgz",
      "integrity": "sha512-+bIeDAFEBYuXRuU3qGQvzdPap+N1zjM4KkBAiiQuVVCrHrhjDuY6VkUhNa5+U27+9w0q3fbKiMCbpJ0XzMmSWA==",
      "peer": true,
      "dependencies": {
        "tslib": "^2.3.0"
      }
    }
  }
}
